
Microsoft Visual Studio Solution File, Format Version 12.00
# Visual Studio Version 16
VisualStudioVersion = 16.0.28803.452
MinimumVisualStudioVersion = 10.0.40219.1
Project("{FAE04EC0-301F-11D3-BF4B-00C04F79EFBC}") = "Basics1", "Basics1\Basics1.csproj", "{345037D6-B8DC-415D-9F49-C35245C1C99A}"
EndProject
Project("{FAE04EC0-301F-11D3-BF4B-00C04F79EFBC}") = "LINQQuery", "LINQQuery\LINQQuery.csproj", "{AF7F84F8-2BFA-4ED2-913E-AEA06682F96E}"
EndProject
Global
	GlobalSection(SolutionConfigurationPlatforms) = preSolution
		Debug|Any CPU = Debug|Any CPU
		Release|Any CPU = Release|Any CPU
	EndGlobalSection
	GlobalSection(ProjectConfigurationPlatforms) = postSolution
		{345037D6-B8DC-415D-9F49-C35245C1C99A}.Debug|Any CPU.ActiveCfg = Debug|Any CPU
		{345037D6-B8DC-415D-9F49-C35245C1C99A}.Debug|Any CPU.Build.0 = Debug|Any CPU
		{345037D6-B8DC-415D-9F49-C35245C1C99A}.Release|Any CPU.ActiveCfg = Release|Any CPU
		{345037D6-B8DC-415D-9F49-C35245C1C99A}.Release|Any CPU.Build.0 = Release|Any CPU
		{AF7F84F8-2BFA-4ED2-913E-AEA06682F96E}.Debug|Any CPU.ActiveCfg = Debug|Any CPU
		{AF7F84F8-2BFA-4ED2-913E-AEA06682F96E}.Debug|Any CPU.Build.0 = Debug|Any CPU
		{AF7F84F8-2BFA-4ED2-913E-AEA06682F96E}.Release|Any CPU.ActiveCfg = Release|Any CPU
		{AF7F84F8-2BFA-4ED2-913E-AEA06682F96E}.Release|Any CPU.Build.0 = Release|Any CPU
	EndGlobalSection
	GlobalSection(SolutionProperties) = preSolution
		HideSolutionNode = FALSE
	EndGlobalSection
	GlobalSection(ExtensibilityGlobals) = postSolution
		SolutionGuid = {7C8ECE20-34E5-4F9B-A7CB-15F8F75B01AE}
	EndGlobalSection
EndGlobal
